// !$*UTF8*$!
{
	archiveVersion = 1;
	classes = {
	};
	objectVersion = 51;
	objects = {

/* Begin PBXBuildFile section */
		7E39F65C25ED128C00BAB4CA /* HomeViewController.swift in Sources */ = {isa = PBXBuildFile; fileRef = 7E39F65B25ED128C00BAB4CA /* HomeViewController.swift */; };
		7E39F66125ED144E00BAB4CA /* TweetTableViewCell.swift in Sources */ = {isa = PBXBuildFile; fileRef = 7E39F65F25ED144E00BAB4CA /* TweetTableViewCell.swift */; };
		7E39F66225ED144E00BAB4CA /* TweetTableViewCell.xib in Resources */ = {isa = PBXBuildFile; fileRef = 7E39F66025ED144E00BAB4CA /* TweetTableViewCell.xib */; };
		7E423FB225E557BE00FC9348 /* Colors.xcassets in Resources */ = {isa = PBXBuildFile; fileRef = 7E423FB125E557BE00FC9348 /* Colors.xcassets */; };
		7EA7B29A25E51EB0001456C3 /* AppDelegate.swift in Sources */ = {isa = PBXBuildFile; fileRef = 7EA7B29925E51EB0001456C3 /* AppDelegate.swift */; };
		7EA7B29E25E51EB0001456C3 /* ViewController.swift in Sources */ = {isa = PBXBuildFile; fileRef = 7EA7B29D25E51EB0001456C3 /* ViewController.swift */; };
		7EA7B2A325E51EB1001456C3 /* Assets.xcassets in Resources */ = {isa = PBXBuildFile; fileRef = 7EA7B2A225E51EB1001456C3 /* Assets.xcassets */; };
		7EA7B2A625E51EB1001456C3 /* LaunchScreen.storyboard in Resources */ = {isa = PBXBuildFile; fileRef = 7EA7B2A425E51EB1001456C3 /* LaunchScreen.storyboard */; };
		7EA7B2CC25E522C0001456C3 /* Welcome.storyboard in Resources */ = {isa = PBXBuildFile; fileRef = 7EA7B2CB25E522C0001456C3 /* Welcome.storyboard */; };
		7EA7B2D025E52EA2001456C3 /* WelcomeViewController.swift in Sources */ = {isa = PBXBuildFile; fileRef = 7EA7B2CF25E52EA2001456C3 /* WelcomeViewController.swift */; };
		7EA7B2D325E52EBD001456C3 /* LoginViewController.swift in Sources */ = {isa = PBXBuildFile; fileRef = 7EA7B2D225E52EBD001456C3 /* LoginViewController.swift */; };
		7EA7B2D625E52EEB001456C3 /* RegisterViewController.swift in Sources */ = {isa = PBXBuildFile; fileRef = 7EA7B2D525E52EEB001456C3 /* RegisterViewController.swift */; };
		7EDB87CD25E8917600C0A075 /* Home.storyboard in Resources */ = {isa = PBXBuildFile; fileRef = 7EDB87CC25E8917600C0A075 /* Home.storyboard */; };
		7EDB87D725E89D0900C0A075 /* LoginResponse.swift in Sources */ = {isa = PBXBuildFile; fileRef = 7EDB87D625E89D0900C0A075 /* LoginResponse.swift */; };
		7EDB87DA25E89D1E00C0A075 /* ErrorResponse.swift in Sources */ = {isa = PBXBuildFile; fileRef = 7EDB87D925E89D1E00C0A075 /* ErrorResponse.swift */; };
		7EDB87DD25E89D2E00C0A075 /* GeneralResponse.swift in Sources */ = {isa = PBXBuildFile; fileRef = 7EDB87DC25E89D2E00C0A075 /* GeneralResponse.swift */; };
		7EDB87E025E89D3E00C0A075 /* User.swift in Sources */ = {isa = PBXBuildFile; fileRef = 7EDB87DF25E89D3E00C0A075 /* User.swift */; };
		7EDB87E325E89D4800C0A075 /* Post.swift in Sources */ = {isa = PBXBuildFile; fileRef = 7EDB87E225E89D4800C0A075 /* Post.swift */; };
		7EDB87E625E89D6300C0A075 /* PostLocation.swift in Sources */ = {isa = PBXBuildFile; fileRef = 7EDB87E525E89D6300C0A075 /* PostLocation.swift */; };
		7EDB87E925E89D8400C0A075 /* RegisterRequest.swift in Sources */ = {isa = PBXBuildFile; fileRef = 7EDB87E825E89D8400C0A075 /* RegisterRequest.swift */; };
		7EDB87EC25E89D9700C0A075 /* PostRequest.swift in Sources */ = {isa = PBXBuildFile; fileRef = 7EDB87EB25E89D9700C0A075 /* PostRequest.swift */; };
		7EDB87EF25E89DA800C0A075 /* PostRequestLocation.swift in Sources */ = {isa = PBXBuildFile; fileRef = 7EDB87EE25E89DA800C0A075 /* PostRequestLocation.swift */; };
		7EDB87F225E89E2D00C0A075 /* LoginRequest.swift in Sources */ = {isa = PBXBuildFile; fileRef = 7EDB87F125E89E2D00C0A075 /* LoginRequest.swift */; };
		7EDB87F525E8A16700C0A075 /* EndPoints.swift in Sources */ = {isa = PBXBuildFile; fileRef = 7EDB87F425E8A16700C0A075 /* EndPoints.swift */; };
		AE3919A812E4B298D8376AF9 /* Pods_PlatziTweets.framework in Frameworks */ = {isa = PBXBuildFile; fileRef = 169C8840B5C192675501E6D3 /* Pods_PlatziTweets.framework */; };
/* End PBXBuildFile section */

/* Begin PBXFileReference section */
		169C8840B5C192675501E6D3 /* Pods_PlatziTweets.framework */ = {isa = PBXFileReference; explicitFileType = wrapper.framework; includeInIndex = 0; path = Pods_PlatziTweets.framework; sourceTree = BUILT_PRODUCTS_DIR; };
		7E39F65B25ED128C00BAB4CA /* HomeViewController.swift */ = {isa = PBXFileReference; lastKnownFileType = sourcecode.swift; path = HomeViewController.swift; sourceTree = "<group>"; };
		7E39F65F25ED144E00BAB4CA /* TweetTableViewCell.swift */ = {isa = PBXFileReference; lastKnownFileType = sourcecode.swift; path = TweetTableViewCell.swift; sourceTree = "<group>"; };
		7E39F66025ED144E00BAB4CA /* TweetTableViewCell.xib */ = {isa = PBXFileReference; lastKnownFileType = file.xib; path = TweetTableViewCell.xib; sourceTree = "<group>"; };
		7E423FB125E557BE00FC9348 /* Colors.xcassets */ = {isa = PBXFileReference; lastKnownFileType = folder.assetcatalog; path = Colors.xcassets; sourceTree = "<group>"; };
		7EA7B29625E51EB0001456C3 /* PlatziTweets.app */ = {isa = PBXFileReference; explicitFileType = wrapper.application; includeInIndex = 0; path = PlatziTweets.app; sourceTree = BUILT_PRODUCTS_DIR; };
		7EA7B29925E51EB0001456C3 /* AppDelegate.swift */ = {isa = PBXFileReference; lastKnownFileType = sourcecode.swift; path = AppDelegate.swift; sourceTree = "<group>"; };
		7EA7B29D25E51EB0001456C3 /* ViewController.swift */ = {isa = PBXFileReference; lastKnownFileType = sourcecode.swift; path = ViewController.swift; sourceTree = "<group>"; };
		7EA7B2A225E51EB1001456C3 /* Assets.xcassets */ = {isa = PBXFileReference; lastKnownFileType = folder.assetcatalog; path = Assets.xcassets; sourceTree = "<group>"; };
		7EA7B2A525E51EB1001456C3 /* Base */ = {isa = PBXFileReference; lastKnownFileType = file.storyboard; name = Base; path = Base.lproj/LaunchScreen.storyboard; sourceTree = "<group>"; };
		7EA7B2A725E51EB1001456C3 /* Info.plist */ = {isa = PBXFileReference; lastKnownFileType = text.plist.xml; path = Info.plist; sourceTree = "<group>"; };
		7EA7B2CB25E522C0001456C3 /* Welcome.storyboard */ = {isa = PBXFileReference; lastKnownFileType = file.storyboard; path = Welcome.storyboard; sourceTree = "<group>"; };
		7EA7B2CF25E52EA2001456C3 /* WelcomeViewController.swift */ = {isa = PBXFileReference; lastKnownFileType = sourcecode.swift; path = WelcomeViewController.swift; sourceTree = "<group>"; };
		7EA7B2D225E52EBD001456C3 /* LoginViewController.swift */ = {isa = PBXFileReference; lastKnownFileType = sourcecode.swift; path = LoginViewController.swift; sourceTree = "<group>"; };
		7EA7B2D525E52EEB001456C3 /* RegisterViewController.swift */ = {isa = PBXFileReference; lastKnownFileType = sourcecode.swift; path = RegisterViewController.swift; sourceTree = "<group>"; };
		7EDB87CC25E8917600C0A075 /* Home.storyboard */ = {isa = PBXFileReference; lastKnownFileType = file.storyboard; path = Home.storyboard; sourceTree = "<group>"; };
		7EDB87D625E89D0900C0A075 /* LoginResponse.swift */ = {isa = PBXFileReference; lastKnownFileType = sourcecode.swift; path = LoginResponse.swift; sourceTree = "<group>"; };
		7EDB87D925E89D1E00C0A075 /* ErrorResponse.swift */ = {isa = PBXFileReference; lastKnownFileType = sourcecode.swift; path = ErrorResponse.swift; sourceTree = "<group>"; };
		7EDB87DC25E89D2E00C0A075 /* GeneralResponse.swift */ = {isa = PBXFileReference; lastKnownFileType = sourcecode.swift; path = GeneralResponse.swift; sourceTree = "<group>"; };
		7EDB87DF25E89D3E00C0A075 /* User.swift */ = {isa = PBXFileReference; lastKnownFileType = sourcecode.swift; path = User.swift; sourceTree = "<group>"; };
		7EDB87E225E89D4800C0A075 /* Post.swift */ = {isa = PBXFileReference; lastKnownFileType = sourcecode.swift; path = Post.swift; sourceTree = "<group>"; };
		7EDB87E525E89D6300C0A075 /* PostLocation.swift */ = {isa = PBXFileReference; lastKnownFileType = sourcecode.swift; path = PostLocation.swift; sourceTree = "<group>"; };
		7EDB87E825E89D8400C0A075 /* RegisterRequest.swift */ = {isa = PBXFileReference; lastKnownFileType = sourcecode.swift; path = RegisterRequest.swift; sourceTree = "<group>"; };
		7EDB87EB25E89D9700C0A075 /* PostRequest.swift */ = {isa = PBXFileReference; lastKnownFileType = sourcecode.swift; path = PostRequest.swift; sourceTree = "<group>"; };
		7EDB87EE25E89DA800C0A075 /* PostRequestLocation.swift */ = {isa = PBXFileReference; lastKnownFileType = sourcecode.swift; path = PostRequestLocation.swift; sourceTree = "<group>"; };
		7EDB87F125E89E2D00C0A075 /* LoginRequest.swift */ = {isa = PBXFileReference; lastKnownFileType = sourcecode.swift; path = LoginRequest.swift; sourceTree = "<group>"; };
		7EDB87F425E8A16700C0A075 /* EndPoints.swift */ = {isa = PBXFileReference; lastKnownFileType = sourcecode.swift; path = EndPoints.swift; sourceTree = "<group>"; };
		80AA3F76714A99BA29A34F12 /* Pods-PlatziTweets.release.xcconfig */ = {isa = PBXFileReference; includeInIndex = 1; lastKnownFileType = text.xcconfig; name = "Pods-PlatziTweets.release.xcconfig"; path = "Target Support Files/Pods-PlatziTweets/Pods-PlatziTweets.release.xcconfig"; sourceTree = "<group>"; };
		8DD76CD3EED6DBC7403FBB10 /* Pods-PlatziTweets.debug.xcconfig */ = {isa = PBXFileReference; includeInIndex = 1; lastKnownFileType = text.xcconfig; name = "Pods-PlatziTweets.debug.xcconfig"; path = "Target Support Files/Pods-PlatziTweets/Pods-PlatziTweets.debug.xcconfig"; sourceTree = "<group>"; };
/* End PBXFileReference section */

/* Begin PBXFrameworksBuildPhase section */
		7EA7B29325E51EB0001456C3 /* Frameworks */ = {
			isa = PBXFrameworksBuildPhase;
			buildActionMask = 2147483647;
			files = (
				AE3919A812E4B298D8376AF9 /* Pods_PlatziTweets.framework in Frameworks */,
			);
			runOnlyForDeploymentPostprocessing = 0;
		};
/* End PBXFrameworksBuildPhase section */

/* Begin PBXGroup section */
		439245B94DAA94D537667B41 /* Pods */ = {
			isa = PBXGroup;
			children = (
				8DD76CD3EED6DBC7403FBB10 /* Pods-PlatziTweets.debug.xcconfig */,
				80AA3F76714A99BA29A34F12 /* Pods-PlatziTweets.release.xcconfig */,
			);
			path = Pods;
			sourceTree = "<group>";
		};
		7E39F65E25ED140A00BAB4CA /* Cells */ = {
			isa = PBXGroup;
			children = (
				7E39F65F25ED144E00BAB4CA /* TweetTableViewCell.swift */,
				7E39F66025ED144E00BAB4CA /* TweetTableViewCell.xib */,
			);
			path = Cells;
			sourceTree = "<group>";
		};
		7EA7B28D25E51EB0001456C3 = {
			isa = PBXGroup;
			children = (
				7EA7B29825E51EB0001456C3 /* PlatziTweets */,
				7EA7B29725E51EB0001456C3 /* Products */,
				439245B94DAA94D537667B41 /* Pods */,
				80413E8780E9F503E0B5E4B5 /* Frameworks */,
			);
			sourceTree = "<group>";
		};
		7EA7B29725E51EB0001456C3 /* Products */ = {
			isa = PBXGroup;
			children = (
				7EA7B29625E51EB0001456C3 /* PlatziTweets.app */,
			);
			name = Products;
			sourceTree = "<group>";
		};
		7EA7B29825E51EB0001456C3 /* PlatziTweets */ = {
			isa = PBXGroup;
			children = (
				7EA7B2C825E5222C001456C3 /* Modules */,
				7EA7B2C725E5221A001456C3 /* Commons */,
				7EA7B2A725E51EB1001456C3 /* Info.plist */,
			);
			path = PlatziTweets;
			sourceTree = "<group>";
		};
		7EA7B2C725E5221A001456C3 /* Commons */ = {
			isa = PBXGroup;
			children = (
				7EA7B29925E51EB0001456C3 /* AppDelegate.swift */,
				7EA7B29D25E51EB0001456C3 /* ViewController.swift */,
				7EA7B2A225E51EB1001456C3 /* Assets.xcassets */,
				7EA7B2A425E51EB1001456C3 /* LaunchScreen.storyboard */,
				7E423FB125E557BE00FC9348 /* Colors.xcassets */,
				7EDB87D325E89C5C00C0A075 /* Models */,
				7EDB87F425E8A16700C0A075 /* EndPoints.swift */,
			);
			path = Commons;
			sourceTree = "<group>";
		};
		7EA7B2C825E5222C001456C3 /* Modules */ = {
			isa = PBXGroup;
			children = (
				7EDB87CB25E8915D00C0A075 /* Home */,
				7EA7B2CA25E52299001456C3 /* Welcome */,
			);
			path = Modules;
			sourceTree = "<group>";
		};
		7EA7B2CA25E52299001456C3 /* Welcome */ = {
			isa = PBXGroup;
			children = (
				7EA7B2CB25E522C0001456C3 /* Welcome.storyboard */,
				7EA7B2CF25E52EA2001456C3 /* WelcomeViewController.swift */,
				7EA7B2D225E52EBD001456C3 /* LoginViewController.swift */,
				7EA7B2D525E52EEB001456C3 /* RegisterViewController.swift */,
			);
			path = Welcome;
			sourceTree = "<group>";
		};
		7EDB87CB25E8915D00C0A075 /* Home */ = {
			isa = PBXGroup;
			children = (
				7E39F65E25ED140A00BAB4CA /* Cells */,
				7EDB87CC25E8917600C0A075 /* Home.storyboard */,
				7E39F65B25ED128C00BAB4CA /* HomeViewController.swift */,
			);
			path = Home;
			sourceTree = "<group>";
		};
		7EDB87D325E89C5C00C0A075 /* Models */ = {
			isa = PBXGroup;
			children = (
				7EDB87D425E89C7E00C0A075 /* Responses */,
				7EDB87D525E89C9800C0A075 /* Requests */,
				7EDB87DF25E89D3E00C0A075 /* User.swift */,
				7EDB87E225E89D4800C0A075 /* Post.swift */,
				7EDB87E525E89D6300C0A075 /* PostLocation.swift */,
			);
			path = Models;
			sourceTree = "<group>";
		};
		7EDB87D425E89C7E00C0A075 /* Responses */ = {
			isa = PBXGroup;
			children = (
				7EDB87D625E89D0900C0A075 /* LoginResponse.swift */,
				7EDB87D925E89D1E00C0A075 /* ErrorResponse.swift */,
				7EDB87DC25E89D2E00C0A075 /* GeneralResponse.swift */,
			);
			path = Responses;
			sourceTree = "<group>";
		};
		7EDB87D525E89C9800C0A075 /* Requests */ = {
			isa = PBXGroup;
			children = (
				7EDB87E825E89D8400C0A075 /* RegisterRequest.swift */,
				7EDB87EB25E89D9700C0A075 /* PostRequest.swift */,
				7EDB87EE25E89DA800C0A075 /* PostRequestLocation.swift */,
				7EDB87F125E89E2D00C0A075 /* LoginRequest.swift */,
			);
			path = Requests;
			sourceTree = "<group>";
		};
		80413E8780E9F503E0B5E4B5 /* Frameworks */ = {
			isa = PBXGroup;
			children = (
				169C8840B5C192675501E6D3 /* Pods_PlatziTweets.framework */,
			);
			name = Frameworks;
			sourceTree = "<group>";
		};
/* End PBXGroup section */

/* Begin PBXNativeTarget section */
		7EA7B29525E51EB0001456C3 /* PlatziTweets */ = {
			isa = PBXNativeTarget;
			buildConfigurationList = 7EA7B2AA25E51EB1001456C3 /* Build configuration list for PBXNativeTarget "PlatziTweets" */;
			buildPhases = (
				B5017F81723D52E4DF9B1C32 /* [CP] Check Pods Manifest.lock */,
				7EA7B29225E51EB0001456C3 /* Sources */,
				7EA7B29325E51EB0001456C3 /* Frameworks */,
				7EA7B29425E51EB0001456C3 /* Resources */,
				7C5F693BC0CF7ADEB61586A3 /* [CP] Embed Pods Frameworks */,
			);
			buildRules = (
			);
			dependencies = (
			);
			name = PlatziTweets;
			productName = PlatziTweets;
			productReference = 7EA7B29625E51EB0001456C3 /* PlatziTweets.app */;
			productType = "com.apple.product-type.application";
		};
/* End PBXNativeTarget section */

/* Begin PBXProject section */
		7EA7B28E25E51EB0001456C3 /* Project object */ = {
			isa = PBXProject;
			attributes = {
				LastSwiftUpdateCheck = 1240;
				LastUpgradeCheck = 1240;
				TargetAttributes = {
					7EA7B29525E51EB0001456C3 = {
						CreatedOnToolsVersion = 12.4;
					};
				};
			};
			buildConfigurationList = 7EA7B29125E51EB0001456C3 /* Build configuration list for PBXProject "PlatziTweets" */;
			compatibilityVersion = "Xcode 9.3";
			developmentRegion = en;
			hasScannedForEncodings = 0;
			knownRegions = (
				en,
				Base,
			);
			mainGroup = 7EA7B28D25E51EB0001456C3;
			productRefGroup = 7EA7B29725E51EB0001456C3 /* Products */;
			projectDirPath = "";
			projectRoot = "";
			targets = (
				7EA7B29525E51EB0001456C3 /* PlatziTweets */,
			);
		};
/* End PBXProject section */

/* Begin PBXResourcesBuildPhase section */
		7EA7B29425E51EB0001456C3 /* Resources */ = {
			isa = PBXResourcesBuildPhase;
			buildActionMask = 2147483647;
			files = (
				7EA7B2A625E51EB1001456C3 /* LaunchScreen.storyboard in Resources */,
				7E39F66225ED144E00BAB4CA /* TweetTableViewCell.xib in Resources */,
				7EDB87CD25E8917600C0A075 /* Home.storyboard in Resources */,
				7E423FB225E557BE00FC9348 /* Colors.xcassets in Resources */,
				7EA7B2A325E51EB1001456C3 /* Assets.xcassets in Resources */,
				7EA7B2CC25E522C0001456C3 /* Welcome.storyboard in Resources */,
			);
			runOnlyForDeploymentPostprocessing = 0;
		};
/* End PBXResourcesBuildPhase section */

/* Begin PBXShellScriptBuildPhase section */
		7C5F693BC0CF7ADEB61586A3 /* [CP] Embed Pods Frameworks */ = {
			isa = PBXShellScriptBuildPhase;
			buildActionMask = 2147483647;
			files = (
			);
			inputFileListPaths = (
				"${PODS_ROOT}/Target Support Files/Pods-PlatziTweets/Pods-PlatziTweets-frameworks-${CONFIGURATION}-input-files.xcfilelist",
			);
			name = "[CP] Embed Pods Frameworks";
			outputFileListPaths = (
				"${PODS_ROOT}/Target Support Files/Pods-PlatziTweets/Pods-PlatziTweets-frameworks-${CONFIGURATION}-output-files.xcfilelist",
			);
			runOnlyForDeploymentPostprocessing = 0;
			shellPath = /bin/sh;
			shellScript = "\"${PODS_ROOT}/Target Support Files/Pods-PlatziTweets/Pods-PlatziTweets-frameworks.sh\"\n";
			showEnvVarsInLog = 0;
		};
		B5017F81723D52E4DF9B1C32 /* [CP] Check Pods Manifest.lock */ = {
			isa = PBXShellScriptBuildPhase;
			buildActionMask = 2147483647;
			files = (
			);
			inputFileListPaths = (
			);
			inputPaths = (
				"${PODS_PODFILE_DIR_PATH}/Podfile.lock",
				"${PODS_ROOT}/Manifest.lock",
			);
			name = "[CP] Check Pods Manifest.lock";
			outputFileListPaths = (
			);
			outputPaths = (
				"$(DERIVED_FILE_DIR)/Pods-PlatziTweets-checkManifestLockResult.txt",
			);
			runOnlyForDeploymentPostprocessing = 0;
			shellPath = /bin/sh;
			shellScript = "diff \"${PODS_PODFILE_DIR_PATH}/Podfile.lock\" \"${PODS_ROOT}/Manifest.lock\" > /dev/null\nif [ $? != 0 ] ; then\n    # print error to STDERR\n    echo \"error: The sandbox is not in sync with the Podfile.lock. Run 'pod install' or update your CocoaPods installation.\" >&2\n    exit 1\nfi\n# This output is used by Xcode 'outputs' to avoid re-running this script phase.\necho \"SUCCESS\" > \"${SCRIPT_OUTPUT_FILE_0}\"\n";
			showEnvVarsInLog = 0;
		};
/* End PBXShellScriptBuildPhase section */

/* Begin PBXSourcesBuildPhase section */
		7EA7B29225E51EB0001456C3 /* Sources */ = {
			isa = PBXSourcesBuildPhase;
			buildActionMask = 2147483647;
			files = (
				7EA7B2D325E52EBD001456C3 /* LoginViewController.swift in Sources */,
				7EDB87EC25E89D9700C0A075 /* PostRequest.swift in Sources */,
				7EA7B2D625E52EEB001456C3 /* RegisterViewController.swift in Sources */,
				7E39F65C25ED128C00BAB4CA /* HomeViewController.swift in Sources */,
				7EDB87F225E89E2D00C0A075 /* LoginRequest.swift in Sources */,
				7EDB87E925E89D8400C0A075 /* RegisterRequest.swift in Sources */,
				7EDB87D725E89D0900C0A075 /* LoginResponse.swift in Sources */,
				7EA7B2D025E52EA2001456C3 /* WelcomeViewController.swift in Sources */,
				7EA7B29E25E51EB0001456C3 /* ViewController.swift in Sources */,
				7EDB87E025E89D3E00C0A075 /* User.swift in Sources */,
				7EDB87DD25E89D2E00C0A075 /* GeneralResponse.swift in Sources */,
				7E39F66125ED144E00BAB4CA /* TweetTableViewCell.swift in Sources */,
				7EA7B29A25E51EB0001456C3 /* AppDelegate.swift in Sources */,
				7EDB87DA25E89D1E00C0A075 /* ErrorResponse.swift in Sources */,
				7EDB87E325E89D4800C0A075 /* Post.swift in Sources */,
				7EDB87EF25E89DA800C0A075 /* PostRequestLocation.swift in Sources */,
				7EDB87F525E8A16700C0A075 /* EndPoints.swift in Sources */,
				7EDB87E625E89D6300C0A075 /* PostLocation.swift in Sources */,
			);
			runOnlyForDeploymentPostprocessing = 0;
		};
/* End PBXSourcesBuildPhase section */

/* Begin PBXVariantGroup section */
		7EA7B2A425E51EB1001456C3 /* LaunchScreen.storyboard */ = {
			isa = PBXVariantGroup;
			children = (
				7EA7B2A525E51EB1001456C3 /* Base */,
			);
			name = LaunchScreen.storyboard;
			sourceTree = "<group>";
		};
/* End PBXVariantGroup section */

/* Begin XCBuildConfiguration section */
		7EA7B2A825E51EB1001456C3 /* Debug */ = {
			isa = XCBuildConfiguration;
			buildSettings = {
				ALWAYS_SEARCH_USER_PATHS = NO;
				CLANG_ANALYZER_NONNULL = YES;
				CLANG_ANALYZER_NUMBER_OBJECT_CONVERSION = YES_AGGRESSIVE;
				CLANG_CXX_LANGUAGE_STANDARD = "gnu++14";
				CLANG_CXX_LIBRARY = "libc++";
				CLANG_ENABLE_MODULES = YES;
				CLANG_ENABLE_OBJC_ARC = YES;
				CLANG_ENABLE_OBJC_WEAK = YES;
				CLANG_WARN_BLOCK_CAPTURE_AUTORELEASING = YES;
				CLANG_WARN_BOOL_CONVERSION = YES;
				CLANG_WARN_COMMA = YES;
				CLANG_WARN_CONSTANT_CONVERSION = YES;
				CLANG_WARN_DEPRECATED_OBJC_IMPLEMENTATIONS = YES;
				CLANG_WARN_DIRECT_OBJC_ISA_USAGE = YES_ERROR;
				CLANG_WARN_DOCUMENTATION_COMMENTS = YES;
				CLANG_WARN_EMPTY_BODY = YES;
				CLANG_WARN_ENUM_CONVERSION = YES;
				CLANG_WARN_INFINITE_RECURSION = YES;
				CLANG_WARN_INT_CONVERSION = YES;
				CLANG_WARN_NON_LITERAL_NULL_CONVERSION = YES;
				CLANG_WARN_OBJC_IMPLICIT_RETAIN_SELF = YES;
				CLANG_WARN_OBJC_LITERAL_CONVERSION = YES;
				CLANG_WARN_OBJC_ROOT_CLASS = YES_ERROR;
				CLANG_WARN_QUOTED_INCLUDE_IN_FRAMEWORK_HEADER = YES;
				CLANG_WARN_RANGE_LOOP_ANALYSIS = YES;
				CLANG_WARN_STRICT_PROTOTYPES = YES;
				CLANG_WARN_SUSPICIOUS_MOVE = YES;
				CLANG_WARN_UNGUARDED_AVAILABILITY = YES_AGGRESSIVE;
				CLANG_WARN_UNREACHABLE_CODE = YES;
				CLANG_WARN__DUPLICATE_METHOD_MATCH = YES;
				COPY_PHASE_STRIP = NO;
				DEBUG_INFORMATION_FORMAT = dwarf;
				ENABLE_STRICT_OBJC_MSGSEND = YES;
				ENABLE_TESTABILITY = YES;
				GCC_C_LANGUAGE_STANDARD = gnu11;
				GCC_DYNAMIC_NO_PIC = NO;
				GCC_NO_COMMON_BLOCKS = YES;
				GCC_OPTIMIZATION_LEVEL = 0;
				GCC_PREPROCESSOR_DEFINITIONS = (
					"DEBUG=1",
					"$(inherited)",
				);
				GCC_WARN_64_TO_32_BIT_CONVERSION = YES;
				GCC_WARN_ABOUT_RETURN_TYPE = YES_ERROR;
				GCC_WARN_UNDECLARED_SELECTOR = YES;
				GCC_WARN_UNINITIALIZED_AUTOS = YES_AGGRESSIVE;
				GCC_WARN_UNUSED_FUNCTION = YES;
				GCC_WARN_UNUSED_VARIABLE = YES;
				IPHONEOS_DEPLOYMENT_TARGET = 14.4;
				MTL_ENABLE_DEBUG_INFO = INCLUDE_SOURCE;
				MTL_FAST_MATH = YES;
				ONLY_ACTIVE_ARCH = YES;
				SDKROOT = iphoneos;
				SWIFT_ACTIVE_COMPILATION_CONDITIONS = DEBUG;
				SWIFT_OPTIMIZATION_LEVEL = "-Onone";
			};
			name = Debug;
		};
		7EA7B2A925E51EB1001456C3 /* Release */ = {
			isa = XCBuildConfiguration;
			buildSettings = {
				ALWAYS_SEARCH_USER_PATHS = NO;
				CLANG_ANALYZER_NONNULL = YES;
				CLANG_ANALYZER_NUMBER_OBJECT_CONVERSION = YES_AGGRESSIVE;
				CLANG_CXX_LANGUAGE_STANDARD = "gnu++14";
				CLANG_CXX_LIBRARY = "libc++";
				CLANG_ENABLE_MODULES = YES;
				CLANG_ENABLE_OBJC_ARC = YES;
				CLANG_ENABLE_OBJC_WEAK = YES;
				CLANG_WARN_BLOCK_CAPTURE_AUTORELEASING = YES;
				CLANG_WARN_BOOL_CONVERSION = YES;
				CLANG_WARN_COMMA = YES;
				CLANG_WARN_CONSTANT_CONVERSION = YES;
				CLANG_WARN_DEPRECATED_OBJC_IMPLEMENTATIONS = YES;
				CLANG_WARN_DIRECT_OBJC_ISA_USAGE = YES_ERROR;
				CLANG_WARN_DOCUMENTATION_COMMENTS = YES;
				CLANG_WARN_EMPTY_BODY = YES;
				CLANG_WARN_ENUM_CONVERSION = YES;
				CLANG_WARN_INFINITE_RECURSION = YES;
				CLANG_WARN_INT_CONVERSION = YES;
				CLANG_WARN_NON_LITERAL_NULL_CONVERSION = YES;
				CLANG_WARN_OBJC_IMPLICIT_RETAIN_SELF = YES;
				CLANG_WARN_OBJC_LITERAL_CONVERSION = YES;
				CLANG_WARN_OBJC_ROOT_CLASS = YES_ERROR;
				CLANG_WARN_QUOTED_INCLUDE_IN_FRAMEWORK_HEADER = YES;
				CLANG_WARN_RANGE_LOOP_ANALYSIS = YES;
				CLANG_WARN_STRICT_PROTOTYPES = YES;
				CLANG_WARN_SUSPICIOUS_MOVE = YES;
				CLANG_WARN_UNGUARDED_AVAILABILITY = YES_AGGRESSIVE;
				CLANG_WARN_UNREACHABLE_CODE = YES;
				CLANG_WARN__DUPLICATE_METHOD_MATCH = YES;
				COPY_PHASE_STRIP = NO;
				DEBUG_INFORMATION_FORMAT = "dwarf-with-dsym";
				ENABLE_NS_ASSERTIONS = NO;
				ENABLE_STRICT_OBJC_MSGSEND = YES;
				GCC_C_LANGUAGE_STANDARD = gnu11;
				GCC_NO_COMMON_BLOCKS = YES;
				GCC_WARN_64_TO_32_BIT_CONVERSION = YES;
				GCC_WARN_ABOUT_RETURN_TYPE = YES_ERROR;
				GCC_WARN_UNDECLARED_SELECTOR = YES;
				GCC_WARN_UNINITIALIZED_AUTOS = YES_AGGRESSIVE;
				GCC_WARN_UNUSED_FUNCTION = YES;
				GCC_WARN_UNUSED_VARIABLE = YES;
				IPHONEOS_DEPLOYMENT_TARGET = 14.4;
				MTL_ENABLE_DEBUG_INFO = NO;
				MTL_FAST_MATH = YES;
				SDKROOT = iphoneos;
				SWIFT_COMPILATION_MODE = wholemodule;
				SWIFT_OPTIMIZATION_LEVEL = "-O";
				VALIDATE_PRODUCT = YES;
			};
			name = Release;
		};
		7EA7B2AB25E51EB1001456C3 /* Debug */ = {
			isa = XCBuildConfiguration;
			baseConfigurationReference = 8DD76CD3EED6DBC7403FBB10 /* Pods-PlatziTweets.debug.xcconfig */;
			buildSettings = {
				ASSETCATALOG_COMPILER_APPICON_NAME = AppIcon;
				ASSETCATALOG_COMPILER_GLOBAL_ACCENT_COLOR_NAME = AccentColor;
				CODE_SIGN_STYLE = Automatic;
				DEVELOPMENT_TEAM = FK525R4TS2;
				INFOPLIST_FILE = PlatziTweets/Info.plist;
				IPHONEOS_DEPLOYMENT_TARGET = 11.0;
				LD_RUNPATH_SEARCH_PATHS = (
					"$(inherited)",
					"@executable_path/Frameworks",
				);
				PRODUCT_BUNDLE_IDENTIFIER = com.nicknova.PlatziTweets;
				PRODUCT_NAME = "$(TARGET_NAME)";
				SWIFT_VERSION = 5.0;
				TARGETED_DEVICE_FAMILY = 1;
			};
			name = Debug;
		};
		7EA7B2AC25E51EB1001456C3 /* Release */ = {
			isa = XCBuildConfiguration;
			baseConfigurationReference = 80AA3F76714A99BA29A34F12 /* Pods-PlatziTweets.release.xcconfig */;
			buildSettings = {
				ASSETCATALOG_COMPILER_APPICON_NAME = AppIcon;
				ASSETCATALOG_COMPILER_GLOBAL_ACCENT_COLOR_NAME = AccentColor;
				CODE_SIGN_STYLE = Automatic;
				DEVELOPMENT_TEAM = FK525R4TS2;
				INFOPLIST_FILE = PlatziTweets/Info.plist;
				IPHONEOS_DEPLOYMENT_TARGET = 11.0;
				LD_RUNPATH_SEARCH_PATHS = (
					"$(inherited)",
					"@executable_path/Frameworks",
				);
				PRODUCT_BUNDLE_IDENTIFIER = com.nicknova.PlatziTweets;
				PRODUCT_NAME = "$(TARGET_NAME)";
				SWIFT_VERSION = 5.0;
				TARGETED_DEVICE_FAMILY = 1;
			};
			name = Release;
		};
/* End XCBuildConfiguration section */

/* Begin XCConfigurationList section */
		7EA7B29125E51EB0001456C3 /* Build configuration list for PBXProject "PlatziTweets" */ = {
			isa = XCConfigurationList;
			buildConfigurations = (
				7EA7B2A825E51EB1001456C3 /* Debug */,
				7EA7B2A925E51EB1001456C3 /* Release */,
			);
			defaultConfigurationIsVisible = 0;
			defaultConfigurationName = Release;
		};
		7EA7B2AA25E51EB1001456C3 /* Build configuration list for PBXNativeTarget "PlatziTweets" */ = {
			isa = XCConfigurationList;
			buildConfigurations = (
				7EA7B2AB25E51EB1001456C3 /* Debug */,
				7EA7B2AC25E51EB1001456C3 /* Release */,
			);
			defaultConfigurationIsVisible = 0;
			defaultConfigurationName = Release;
		};
/* End XCConfigurationList section */
	};
	rootObject = 7EA7B28E25E51EB0001456C3 /* Project object */;
}
